<?xml version="1.0" encoding="utf-8"?>
<Project ToolsVersion="4.0" xmlns="http://schemas.microsoft.com/developer/msbuild/2003">
  <ItemGroup>
    <ClCompile Include="..\src\main.cpp">
      <Filter>src</Filter>
    </ClCompile>
    <ClCompile Include="..\src\Wahwah8.cpp">
      <Filter>src</Filter>
    </ClCompile>
  </ItemGroup>
  <ItemGroup>
    <ClInclude Include="..\src\resource.h">
      <Filter>src</Filter>
    </ClInclude>
    <ClInclude Include="..\src\vdjDsp8.h">
      <Filter>src</Filter>
    </ClInclude>
    <ClInclude Include="..\src\vdjPlugin8.h">
      <Filter>src</Filter>
    </ClInclude>
    <ClInclude Include="..\src\Wahwah8.h">
      <Filter>src</Filter>
    </ClInclude>
  </ItemGroup>
  <ItemGroup>
    <Filter Include="src">
      <UniqueIdentifier>{d2bc7c21-21fe-4083-983c-44d19b9d60a9}</UniqueIdentifier>
    </Filter>
  </ItemGroup>
  <ItemGroup>
    <Image Include="..\src\FX_GUI.png">
      <Filter>src</Filter>
    </Image>
  </ItemGroup>
  <ItemGroup>
    <Xml Include="..\src\FX_GUI.xml">
      <Filter>src</Filter>
    </Xml>
  </ItemGroup>
  <ItemGroup>
    <ResourceCompile Include="..\src\plugin.rc">
      <Filter>src</Filter>
    </ResourceCompile>
  </ItemGroup>
</Project>